
Microsoft Visual Studio Solution File, Format Version 12.00
# Visual Studio Version 17
VisualStudioVersion = 17.9.34616.47
MinimumVisualStudioVersion = 10.0.40219.1
Project("{F184B08F-C81C-45F6-A57F-5ABD9991F28F}") = "MIdtermProject", "MIdtermProject.vbproj", "{EA4ACF4E-2799-4486-B626-E4CF8F599DEA}"
EndProject
Global
	GlobalSection(SolutionConfigurationPlatforms) = preSolution
		Debug|Any CPU = Debug|Any CPU
		Release|Any CPU = Release|Any CPU
	EndGlobalSection
	GlobalSection(ProjectConfigurationPlatforms) = postSolution
		{EA4ACF4E-2799-4486-B626-E4CF8F599DEA}.Debug|Any CPU.ActiveCfg = Debug|Any CPU
		{EA4ACF4E-2799-4486-B626-E4CF8F599DEA}.Debug|Any CPU.Build.0 = Debug|Any CPU
		{EA4ACF4E-2799-4486-B626-E4CF8F599DEA}.Release|Any CPU.ActiveCfg = Release|Any CPU
		{EA4ACF4E-2799-4486-B626-E4CF8F599DEA}.Release|Any CPU.Build.0 = Release|Any CPU
	EndGlobalSection
	GlobalSection(SolutionProperties) = preSolution
		HideSolutionNode = FALSE
	EndGlobalSection
	GlobalSection(ExtensibilityGlobals) = postSolution
		SolutionGuid = {6EFBD94E-028A-4562-8AE0-E4485B4AA1D7}
	EndGlobalSection
EndGlobal
