
Microsoft Visual Studio Solution File, Format Version 12.00
# Visual Studio Version 17
VisualStudioVersion = 17.9.34616.47
MinimumVisualStudioVersion = 10.0.40219.1
Project("{F184B08F-C81C-45F6-A57F-5ABD9991F28F}") = "Assignment A7", "Assignment A7.vbproj", "{28F499A4-8D1F-48CF-8302-1F4B5AF45F2B}"
EndProject
Global
	GlobalSection(SolutionConfigurationPlatforms) = preSolution
		Debug|Any CPU = Debug|Any CPU
		Release|Any CPU = Release|Any CPU
	EndGlobalSection
	GlobalSection(ProjectConfigurationPlatforms) = postSolution
		{28F499A4-8D1F-48CF-8302-1F4B5AF45F2B}.Debug|Any CPU.ActiveCfg = Debug|Any CPU
		{28F499A4-8D1F-48CF-8302-1F4B5AF45F2B}.Debug|Any CPU.Build.0 = Debug|Any CPU
		{28F499A4-8D1F-48CF-8302-1F4B5AF45F2B}.Release|Any CPU.ActiveCfg = Release|Any CPU
		{28F499A4-8D1F-48CF-8302-1F4B5AF45F2B}.Release|Any CPU.Build.0 = Release|Any CPU
	EndGlobalSection
	GlobalSection(SolutionProperties) = preSolution
		HideSolutionNode = FALSE
	EndGlobalSection
	GlobalSection(ExtensibilityGlobals) = postSolution
		SolutionGuid = {257A11A3-E9BE-4D51-B97D-C48985CE0469}
	EndGlobalSection
EndGlobal
