
Microsoft Visual Studio Solution File, Format Version 12.00
# Visual Studio Version 17
VisualStudioVersion = 17.9.34616.47
MinimumVisualStudioVersion = 10.0.40219.1
Project("{F184B08F-C81C-45F6-A57F-5ABD9991F28F}") = "AssignmentP1", "AssignmentP1.vbproj", "{24053EC5-0568-4133-97CA-6365F91F1B13}"
EndProject
Global
	GlobalSection(SolutionConfigurationPlatforms) = preSolution
		Debug|Any CPU = Debug|Any CPU
		Release|Any CPU = Release|Any CPU
	EndGlobalSection
	GlobalSection(ProjectConfigurationPlatforms) = postSolution
		{24053EC5-0568-4133-97CA-6365F91F1B13}.Debug|Any CPU.ActiveCfg = Debug|Any CPU
		{24053EC5-0568-4133-97CA-6365F91F1B13}.Debug|Any CPU.Build.0 = Debug|Any CPU
		{24053EC5-0568-4133-97CA-6365F91F1B13}.Release|Any CPU.ActiveCfg = Release|Any CPU
		{24053EC5-0568-4133-97CA-6365F91F1B13}.Release|Any CPU.Build.0 = Release|Any CPU
	EndGlobalSection
	GlobalSection(SolutionProperties) = preSolution
		HideSolutionNode = FALSE
	EndGlobalSection
	GlobalSection(ExtensibilityGlobals) = postSolution
		SolutionGuid = {B2A3C573-FFC8-48E1-9964-2E3D0DC76A52}
	EndGlobalSection
EndGlobal
